Microsoft Visual Studio Solution File, Format Version 11.00
# Visual Studio 2008

Project("{DB7CF2D1-0A79-BFF9-D977-65FFE0EDE92D}") = "fightBabiesTest", "Assembly-CSharp-vs.csproj", "{D7CFE60F-1EFD-31A5-66B5-9ADEBCF6FE91}"
EndProject
Global
	GlobalSection(SolutionConfigurationPlatforms) = preSolution
		Debug|Any CPU = Debug|Any CPU
		Release|Any CPU = Release|Any CPU
	EndGlobalSection
	GlobalSection(ProjectConfigurationPlatforms) = postSolution
		{D7CFE60F-1EFD-31A5-66B5-9ADEBCF6FE91}.Debug|Any CPU.ActiveCfg = Debug|Any CPU
		{D7CFE60F-1EFD-31A5-66B5-9ADEBCF6FE91}.Debug|Any CPU.Build.0 = Debug|Any CPU
		{D7CFE60F-1EFD-31A5-66B5-9ADEBCF6FE91}.Release|Any CPU.ActiveCfg = Release|Any CPU
		{D7CFE60F-1EFD-31A5-66B5-9ADEBCF6FE91}.Release|Any CPU.Build.0 = Release|Any CPU
	EndGlobalSection
	GlobalSection(SolutionProperties) = preSolution
		HideSolutionNode = FALSE
	EndGlobalSection
																																					GlobalSection(MonoDevelopProperties) = preSolution
		StartupItem = Assembly-CSharp.csproj
		Policies = $0
		$0.TextStylePolicy = $1
		$1.inheritsSet = null
		$1.scope = text/x-csharp
		$0.CSharpFormattingPolicy = $2
		$2.inheritsSet = Mono
		$2.inheritsScope = text/x-csharp
		$2.scope = text/x-csharp
		$0.TextStylePolicy = $3
		$3.FileWidth = 120
		$3.TabWidth = 4
		$3.EolMarker = Unix
		$3.inheritsSet = Mono
		$3.inheritsScope = text/plain
		$3.scope = text/plain
	EndGlobalSection

EndGlobal
